// !$*UTF8*$!
{
	archiveVersion = 1;
	classes = {
	};
	objectVersion = 55;
	objects = {

/* Begin PBXBuildFile section */
		9376AE12280FCA2600D27EC7 /* Tests_iOS.swift in Sources */ = {isa = PBXBuildFile; fileRef = 9376AE11280FCA2600D27EC7 /* Tests_iOS.swift */; };
		9376AE14280FCA2600D27EC7 /* Tests_iOSLaunchTests.swift in Sources */ = {isa = PBXBuildFile; fileRef = 9376AE13280FCA2600D27EC7 /* Tests_iOSLaunchTests.swift */; };
		9376AE1E280FCA2600D27EC7 /* Tests_macOS.swift in Sources */ = {isa = PBXBuildFile; fileRef = 9376AE1D280FCA2600D27EC7 /* Tests_macOS.swift */; };
		9376AE20280FCA2600D27EC7 /* Tests_macOSLaunchTests.swift in Sources */ = {isa = PBXBuildFile; fileRef = 9376AE1F280FCA2600D27EC7 /* Tests_macOSLaunchTests.swift */; };
		9376AE21280FCA2600D27EC7 /* Youtap_TaskApp.swift in Sources */ = {isa = PBXBuildFile; fileRef = 9376ADF9280FCA2400D27EC7 /* Youtap_TaskApp.swift */; };
		9376AE22280FCA2600D27EC7 /* Youtap_TaskApp.swift in Sources */ = {isa = PBXBuildFile; fileRef = 9376ADF9280FCA2400D27EC7 /* Youtap_TaskApp.swift */; };
		9376AE23280FCA2600D27EC7 /* ContentView.swift in Sources */ = {isa = PBXBuildFile; fileRef = 9376ADFA280FCA2400D27EC7 /* ContentView.swift */; };
		9376AE24280FCA2600D27EC7 /* ContentView.swift in Sources */ = {isa = PBXBuildFile; fileRef = 9376ADFA280FCA2400D27EC7 /* ContentView.swift */; };
		9376AE25280FCA2600D27EC7 /* Assets.xcassets in Resources */ = {isa = PBXBuildFile; fileRef = 9376ADFB280FCA2600D27EC7 /* Assets.xcassets */; };
		9376AE26280FCA2600D27EC7 /* Assets.xcassets in Resources */ = {isa = PBXBuildFile; fileRef = 9376ADFB280FCA2600D27EC7 /* Assets.xcassets */; };
		9376AE37280FCAA900D27EC7 /* Helper.swift in Sources */ = {isa = PBXBuildFile; fileRef = 9376AE36280FCAA900D27EC7 /* Helper.swift */; };
		9376AE38280FCAA900D27EC7 /* Helper.swift in Sources */ = {isa = PBXBuildFile; fileRef = 9376AE36280FCAA900D27EC7 /* Helper.swift */; };
		9376AE3A280FCAC000D27EC7 /* UserModel.swift in Sources */ = {isa = PBXBuildFile; fileRef = 9376AE39280FCAC000D27EC7 /* UserModel.swift */; };
		9376AE3B280FCAC000D27EC7 /* UserModel.swift in Sources */ = {isa = PBXBuildFile; fileRef = 9376AE39280FCAC000D27EC7 /* UserModel.swift */; };
		9376AE41280FCB3D00D27EC7 /* UserAPI.swift in Sources */ = {isa = PBXBuildFile; fileRef = 9376AE40280FCB3D00D27EC7 /* UserAPI.swift */; };
		9376AE42280FCB3D00D27EC7 /* UserAPI.swift in Sources */ = {isa = PBXBuildFile; fileRef = 9376AE40280FCB3D00D27EC7 /* UserAPI.swift */; };
		9376AE45280FCB8F00D27EC7 /* Constant.swift in Sources */ = {isa = PBXBuildFile; fileRef = 9376AE44280FCB8F00D27EC7 /* Constant.swift */; };
		9376AE46280FCB8F00D27EC7 /* Constant.swift in Sources */ = {isa = PBXBuildFile; fileRef = 9376AE44280FCB8F00D27EC7 /* Constant.swift */; };
/* End PBXBuildFile section */

/* Begin PBXContainerItemProxy section */
		9376AE0E280FCA2600D27EC7 /* PBXContainerItemProxy */ = {
			isa = PBXContainerItemProxy;
			containerPortal = 9376ADF4280FCA2400D27EC7 /* Project object */;
			proxyType = 1;
			remoteGlobalIDString = 9376ADFF280FCA2600D27EC7;
			remoteInfo = "Youtap_Task (iOS)";
		};
		9376AE1A280FCA2600D27EC7 /* PBXContainerItemProxy */ = {
			isa = PBXContainerItemProxy;
			containerPortal = 9376ADF4280FCA2400D27EC7 /* Project object */;
			proxyType = 1;
			remoteGlobalIDString = 9376AE05280FCA2600D27EC7;
			remoteInfo = "Youtap_Task (macOS)";
		};
/* End PBXContainerItemProxy section */

/* Begin PBXFileReference section */
		9376ADF9280FCA2400D27EC7 /* Youtap_TaskApp.swift */ = {isa = PBXFileReference; lastKnownFileType = sourcecode.swift; path = Youtap_TaskApp.swift; sourceTree = "<group>"; };
		9376ADFA280FCA2400D27EC7 /* ContentView.swift */ = {isa = PBXFileReference; lastKnownFileType = sourcecode.swift; path = ContentView.swift; sourceTree = "<group>"; };
		9376ADFB280FCA2600D27EC7 /* Assets.xcassets */ = {isa = PBXFileReference; lastKnownFileType = folder.assetcatalog; path = Assets.xcassets; sourceTree = "<group>"; };
		9376AE00280FCA2600D27EC7 /* Youtap_Task.app */ = {isa = PBXFileReference; explicitFileType = wrapper.application; includeInIndex = 0; path = Youtap_Task.app; sourceTree = BUILT_PRODUCTS_DIR; };
		9376AE06280FCA2600D27EC7 /* Youtap_Task.app */ = {isa = PBXFileReference; explicitFileType = wrapper.application; includeInIndex = 0; path = Youtap_Task.app; sourceTree = BUILT_PRODUCTS_DIR; };
		9376AE08280FCA2600D27EC7 /* macOS.entitlements */ = {isa = PBXFileReference; lastKnownFileType = text.plist.entitlements; path = macOS.entitlements; sourceTree = "<group>"; };
		9376AE0D280FCA2600D27EC7 /* Tests iOS.xctest */ = {isa = PBXFileReference; explicitFileType = wrapper.cfbundle; includeInIndex = 0; path = "Tests iOS.xctest"; sourceTree = BUILT_PRODUCTS_DIR; };
		9376AE11280FCA2600D27EC7 /* Tests_iOS.swift */ = {isa = PBXFileReference; lastKnownFileType = sourcecode.swift; path = Tests_iOS.swift; sourceTree = "<group>"; };
		9376AE13280FCA2600D27EC7 /* Tests_iOSLaunchTests.swift */ = {isa = PBXFileReference; lastKnownFileType = sourcecode.swift; path = Tests_iOSLaunchTests.swift; sourceTree = "<group>"; };
		9376AE19280FCA2600D27EC7 /* Tests macOS.xctest */ = {isa = PBXFileReference; explicitFileType = wrapper.cfbundle; includeInIndex = 0; path = "Tests macOS.xctest"; sourceTree = BUILT_PRODUCTS_DIR; };
		9376AE1D280FCA2600D27EC7 /* Tests_macOS.swift */ = {isa = PBXFileReference; lastKnownFileType = sourcecode.swift; path = Tests_macOS.swift; sourceTree = "<group>"; };
		9376AE1F280FCA2600D27EC7 /* Tests_macOSLaunchTests.swift */ = {isa = PBXFileReference; lastKnownFileType = sourcecode.swift; path = Tests_macOSLaunchTests.swift; sourceTree = "<group>"; };
		9376AE35280FCA7E00D27EC7 /* Youtap-Task--iOS--Info.plist */ = {isa = PBXFileReference; lastKnownFileType = text.plist; path = "Youtap-Task--iOS--Info.plist"; sourceTree = "<group>"; };
		9376AE36280FCAA900D27EC7 /* Helper.swift */ = {isa = PBXFileReference; lastKnownFileType = sourcecode.swift; path = Helper.swift; sourceTree = "<group>"; };
		9376AE39280FCAC000D27EC7 /* UserModel.swift */ = {isa = PBXFileReference; lastKnownFileType = sourcecode.swift; path = UserModel.swift; sourceTree = "<group>"; };
		9376AE40280FCB3D00D27EC7 /* UserAPI.swift */ = {isa = PBXFileReference; lastKnownFileType = sourcecode.swift; path = UserAPI.swift; sourceTree = "<group>"; };
		9376AE44280FCB8F00D27EC7 /* Constant.swift */ = {isa = PBXFileReference; lastKnownFileType = sourcecode.swift; path = Constant.swift; sourceTree = "<group>"; };
/* End PBXFileReference section */

/* Begin PBXFrameworksBuildPhase section */
		9376ADFD280FCA2600D27EC7 /* Frameworks */ = {
			isa = PBXFrameworksBuildPhase;
			buildActionMask = 2147483647;
			files = (
			);
			runOnlyForDeploymentPostprocessing = 0;
		};
		9376AE03280FCA2600D27EC7 /* Frameworks */ = {
			isa = PBXFrameworksBuildPhase;
			buildActionMask = 2147483647;
			files = (
			);
			runOnlyForDeploymentPostprocessing = 0;
		};
		9376AE0A280FCA2600D27EC7 /* Frameworks */ = {
			isa = PBXFrameworksBuildPhase;
			buildActionMask = 2147483647;
			files = (
			);
			runOnlyForDeploymentPostprocessing = 0;
		};
		9376AE16280FCA2600D27EC7 /* Frameworks */ = {
			isa = PBXFrameworksBuildPhase;
			buildActionMask = 2147483647;
			files = (
			);
			runOnlyForDeploymentPostprocessing = 0;
		};
/* End PBXFrameworksBuildPhase section */

/* Begin PBXGroup section */
		9376ADF3280FCA2400D27EC7 = {
			isa = PBXGroup;
			children = (
				9376AE35280FCA7E00D27EC7 /* Youtap-Task--iOS--Info.plist */,
				9376ADF8280FCA2400D27EC7 /* Shared */,
				9376AE07280FCA2600D27EC7 /* macOS */,
				9376AE10280FCA2600D27EC7 /* Tests iOS */,
				9376AE1C280FCA2600D27EC7 /* Tests macOS */,
				9376AE01280FCA2600D27EC7 /* Products */,
			);
			sourceTree = "<group>";
		};
		9376ADF8280FCA2400D27EC7 /* Shared */ = {
			isa = PBXGroup;
			children = (
				9376ADF9280FCA2400D27EC7 /* Youtap_TaskApp.swift */,
				9376AE43280FCB4C00D27EC7 /* Constant */,
				9376AE3F280FCB0200D27EC7 /* Model */,
				9376AE3E280FCAE600D27EC7 /* ViewModel */,
				9376AE3D280FCAD400D27EC7 /* Content */,
				9376AE3C280FCAC400D27EC7 /* Helper */,
				9376ADFB280FCA2600D27EC7 /* Assets.xcassets */,
			);
			path = Shared;
			sourceTree = "<group>";
		};
		9376AE01280FCA2600D27EC7 /* Products */ = {
			isa = PBXGroup;
			children = (
				9376AE00280FCA2600D27EC7 /* Youtap_Task.app */,
				9376AE06280FCA2600D27EC7 /* Youtap_Task.app */,
				9376AE0D280FCA2600D27EC7 /* Tests iOS.xctest */,
				9376AE19280FCA2600D27EC7 /* Tests macOS.xctest */,
			);
			name = Products;
			sourceTree = "<group>";
		};
		9376AE07280FCA2600D27EC7 /* macOS */ = {
			isa = PBXGroup;
			children = (
				9376AE08280FCA2600D27EC7 /* macOS.entitlements */,
			);
			path = macOS;
			sourceTree = "<group>";
		};
		9376AE10280FCA2600D27EC7 /* Tests iOS */ = {
			isa = PBXGroup;
			children = (
				9376AE11280FCA2600D27EC7 /* Tests_iOS.swift */,
				9376AE13280FCA2600D27EC7 /* Tests_iOSLaunchTests.swift */,
			);
			path = "Tests iOS";
			sourceTree = "<group>";
		};
		9376AE1C280FCA2600D27EC7 /* Tests macOS */ = {
			isa = PBXGroup;
			children = (
				9376AE1D280FCA2600D27EC7 /* Tests_macOS.swift */,
				9376AE1F280FCA2600D27EC7 /* Tests_macOSLaunchTests.swift */,
			);
			path = "Tests macOS";
			sourceTree = "<group>";
		};
		9376AE3C280FCAC400D27EC7 /* Helper */ = {
			isa = PBXGroup;
			children = (
				9376AE36280FCAA900D27EC7 /* Helper.swift */,
			);
			path = Helper;
			sourceTree = "<group>";
		};
		9376AE3D280FCAD400D27EC7 /* Content */ = {
			isa = PBXGroup;
			children = (
				9376ADFA280FCA2400D27EC7 /* ContentView.swift */,
			);
			path = Content;
			sourceTree = "<group>";
		};
		9376AE3E280FCAE600D27EC7 /* ViewModel */ = {
			isa = PBXGroup;
			children = (
				9376AE40280FCB3D00D27EC7 /* UserAPI.swift */,
			);
			path = ViewModel;
			sourceTree = "<group>";
		};
		9376AE3F280FCB0200D27EC7 /* Model */ = {
			isa = PBXGroup;
			children = (
				9376AE39280FCAC000D27EC7 /* UserModel.swift */,
			);
			path = Model;
			sourceTree = "<group>";
		};
		9376AE43280FCB4C00D27EC7 /* Constant */ = {
			isa = PBXGroup;
			children = (
				9376AE44280FCB8F00D27EC7 /* Constant.swift */,
			);
			path = Constant;
			sourceTree = "<group>";
		};
/* End PBXGroup section */

/* Begin PBXNativeTarget section */
		9376ADFF280FCA2600D27EC7 /* Youtap_Task (iOS) */ = {
			isa = PBXNativeTarget;
			buildConfigurationList = 9376AE29280FCA2600D27EC7 /* Build configuration list for PBXNativeTarget "Youtap_Task (iOS)" */;
			buildPhases = (
				9376ADFC280FCA2600D27EC7 /* Sources */,
				9376ADFD280FCA2600D27EC7 /* Frameworks */,
				9376ADFE280FCA2600D27EC7 /* Resources */,
			);
			buildRules = (
			);
			dependencies = (
			);
			name = "Youtap_Task (iOS)";
			productName = "Youtap_Task (iOS)";
			productReference = 9376AE00280FCA2600D27EC7 /* Youtap_Task.app */;
			productType = "com.apple.product-type.application";
		};
		9376AE05280FCA2600D27EC7 /* Youtap_Task (macOS) */ = {
			isa = PBXNativeTarget;
			buildConfigurationList = 9376AE2C280FCA2600D27EC7 /* Build configuration list for PBXNativeTarget "Youtap_Task (macOS)" */;
			buildPhases = (
				9376AE02280FCA2600D27EC7 /* Sources */,
				9376AE03280FCA2600D27EC7 /* Frameworks */,
				9376AE04280FCA2600D27EC7 /* Resources */,
			);
			buildRules = (
			);
			dependencies = (
			);
			name = "Youtap_Task (macOS)";
			productName = "Youtap_Task (macOS)";
			productReference = 9376AE06280FCA2600D27EC7 /* Youtap_Task.app */;
			productType = "com.apple.product-type.application";
		};
		9376AE0C280FCA2600D27EC7 /* Tests iOS */ = {
			isa = PBXNativeTarget;
			buildConfigurationList = 9376AE2F280FCA2600D27EC7 /* Build configuration list for PBXNativeTarget "Tests iOS" */;
			buildPhases = (
				9376AE09280FCA2600D27EC7 /* Sources */,
				9376AE0A280FCA2600D27EC7 /* Frameworks */,
				9376AE0B280FCA2600D27EC7 /* Resources */,
			);
			buildRules = (
			);
			dependencies = (
				9376AE0F280FCA2600D27EC7 /* PBXTargetDependency */,
			);
			name = "Tests iOS";
			productName = "Tests iOS";
			productReference = 9376AE0D280FCA2600D27EC7 /* Tests iOS.xctest */;
			productType = "com.apple.product-type.bundle.ui-testing";
		};
		9376AE18280FCA2600D27EC7 /* Tests macOS */ = {
			isa = PBXNativeTarget;
			buildConfigurationList = 9376AE32280FCA2600D27EC7 /* Build configuration list for PBXNativeTarget "Tests macOS" */;
			buildPhases = (
				9376AE15280FCA2600D27EC7 /* Sources */,
				9376AE16280FCA2600D27EC7 /* Frameworks */,
				9376AE17280FCA2600D27EC7 /* Resources */,
			);
			buildRules = (
			);
			dependencies = (
				9376AE1B280FCA2600D27EC7 /* PBXTargetDependency */,
			);
			name = "Tests macOS";
			productName = "Tests macOS";
			productReference = 9376AE19280FCA2600D27EC7 /* Tests macOS.xctest */;
			productType = "com.apple.product-type.bundle.ui-testing";
		};
/* End PBXNativeTarget section */

/* Begin PBXProject section */
		9376ADF4280FCA2400D27EC7 /* Project object */ = {
			isa = PBXProject;
			attributes = {
				BuildIndependentTargetsInParallel = 1;
				LastSwiftUpdateCheck = 1320;
				LastUpgradeCheck = 1320;
				TargetAttributes = {
					9376ADFF280FCA2600D27EC7 = {
						CreatedOnToolsVersion = 13.2;
					};
					9376AE05280FCA2600D27EC7 = {
						CreatedOnToolsVersion = 13.2;
					};
					9376AE0C280FCA2600D27EC7 = {
						CreatedOnToolsVersion = 13.2;
						TestTargetID = 9376ADFF280FCA2600D27EC7;
					};
					9376AE18280FCA2600D27EC7 = {
						CreatedOnToolsVersion = 13.2;
						TestTargetID = 9376AE05280FCA2600D27EC7;
					};
				};
			};
			buildConfigurationList = 9376ADF7280FCA2400D27EC7 /* Build configuration list for PBXProject "Youtap_Task" */;
			compatibilityVersion = "Xcode 13.0";
			developmentRegion = en;
			hasScannedForEncodings = 0;
			knownRegions = (
				en,
				Base,
			);
			mainGroup = 9376ADF3280FCA2400D27EC7;
			productRefGroup = 9376AE01280FCA2600D27EC7 /* Products */;
			projectDirPath = "";
			projectRoot = "";
			targets = (
				9376ADFF280FCA2600D27EC7 /* Youtap_Task (iOS) */,
				9376AE05280FCA2600D27EC7 /* Youtap_Task (macOS) */,
				9376AE0C280FCA2600D27EC7 /* Tests iOS */,
				9376AE18280FCA2600D27EC7 /* Tests macOS */,
			);
		};
/* End PBXProject section */

/* Begin PBXResourcesBuildPhase section */
		9376ADFE280FCA2600D27EC7 /* Resources */ = {
			isa = PBXResourcesBuildPhase;
			buildActionMask = 2147483647;
			files = (
				9376AE25280FCA2600D27EC7 /* Assets.xcassets in Resources */,
			);
			runOnlyForDeploymentPostprocessing = 0;
		};
		9376AE04280FCA2600D27EC7 /* Resources */ = {
			isa = PBXResourcesBuildPhase;
			buildActionMask = 2147483647;
			files = (
				9376AE26280FCA2600D27EC7 /* Assets.xcassets in Resources */,
			);
			runOnlyForDeploymentPostprocessing = 0;
		};
		9376AE0B280FCA2600D27EC7 /* Resources */ = {
			isa = PBXResourcesBuildPhase;
			buildActionMask = 2147483647;
			files = (
			);
			runOnlyForDeploymentPostprocessing = 0;
		};
		9376AE17280FCA2600D27EC7 /* Resources */ = {
			isa = PBXResourcesBuildPhase;
			buildActionMask = 2147483647;
			files = (
			);
			runOnlyForDeploymentPostprocessing = 0;
		};
/* End PBXResourcesBuildPhase section */

/* Begin PBXSourcesBuildPhase section */
		9376ADFC280FCA2600D27EC7 /* Sources */ = {
			isa = PBXSourcesBuildPhase;
			buildActionMask = 2147483647;
			files = (
				9376AE23280FCA2600D27EC7 /* ContentView.swift in Sources */,
				9376AE41280FCB3D00D27EC7 /* UserAPI.swift in Sources */,
				9376AE21280FCA2600D27EC7 /* Youtap_TaskApp.swift in Sources */,
				9376AE3A280FCAC000D27EC7 /* UserModel.swift in Sources */,
				9376AE37280FCAA900D27EC7 /* Helper.swift in Sources */,
				9376AE45280FCB8F00D27EC7 /* Constant.swift in Sources */,
			);
			runOnlyForDeploymentPostprocessing = 0;
		};
		9376AE02280FCA2600D27EC7 /* Sources */ = {
			isa = PBXSourcesBuildPhase;
			buildActionMask = 2147483647;
			files = (
				9376AE24280FCA2600D27EC7 /* ContentView.swift in Sources */,
				9376AE42280FCB3D00D27EC7 /* UserAPI.swift in Sources */,
				9376AE22280FCA2600D27EC7 /* Youtap_TaskApp.swift in Sources */,
				9376AE3B280FCAC000D27EC7 /* UserModel.swift in Sources */,
				9376AE38280FCAA900D27EC7 /* Helper.swift in Sources */,
				9376AE46280FCB8F00D27EC7 /* Constant.swift in Sources */,
			);
			runOnlyForDeploymentPostprocessing = 0;
		};
		9376AE09280FCA2600D27EC7 /* Sources */ = {
			isa = PBXSourcesBuildPhase;
			buildActionMask = 2147483647;
			files = (
				9376AE14280FCA2600D27EC7 /* Tests_iOSLaunchTests.swift in Sources */,
				9376AE12280FCA2600D27EC7 /* Tests_iOS.swift in Sources */,
			);
			runOnlyForDeploymentPostprocessing = 0;
		};
		9376AE15280FCA2600D27EC7 /* Sources */ = {
			isa = PBXSourcesBuildPhase;
			buildActionMask = 2147483647;
			files = (
				9376AE20280FCA2600D27EC7 /* Tests_macOSLaunchTests.swift in Sources */,
				9376AE1E280FCA2600D27EC7 /* Tests_macOS.swift in Sources */,
			);
			runOnlyForDeploymentPostprocessing = 0;
		};
/* End PBXSourcesBuildPhase section */

/* Begin PBXTargetDependency section */
		9376AE0F280FCA2600D27EC7 /* PBXTargetDependency */ = {
			isa = PBXTargetDependency;
			target = 9376ADFF280FCA2600D27EC7 /* Youtap_Task (iOS) */;
			targetProxy = 9376AE0E280FCA2600D27EC7 /* PBXContainerItemProxy */;
		};
		9376AE1B280FCA2600D27EC7 /* PBXTargetDependency */ = {
			isa = PBXTargetDependency;
			target = 9376AE05280FCA2600D27EC7 /* Youtap_Task (macOS) */;
			targetProxy = 9376AE1A280FCA2600D27EC7 /* PBXContainerItemProxy */;
		};
/* End PBXTargetDependency section */

/* Begin XCBuildConfiguration section */
		9376AE27280FCA2600D27EC7 /* Debug */ = {
			isa = XCBuildConfiguration;
			buildSettings = {
				ALWAYS_SEARCH_USER_PATHS = NO;
				CLANG_ANALYZER_NONNULL = YES;
				CLANG_ANALYZER_NUMBER_OBJECT_CONVERSION = YES_AGGRESSIVE;
				CLANG_CXX_LANGUAGE_STANDARD = "gnu++17";
				CLANG_CXX_LIBRARY = "libc++";
				CLANG_ENABLE_MODULES = YES;
				CLANG_ENABLE_OBJC_ARC = YES;
				CLANG_ENABLE_OBJC_WEAK = YES;
				CLANG_WARN_BLOCK_CAPTURE_AUTORELEASING = YES;
				CLANG_WARN_BOOL_CONVERSION = YES;
				CLANG_WARN_COMMA = YES;
				CLANG_WARN_CONSTANT_CONVERSION = YES;
				CLANG_WARN_DEPRECATED_OBJC_IMPLEMENTATIONS = YES;
				CLANG_WARN_DIRECT_OBJC_ISA_USAGE = YES_ERROR;
				CLANG_WARN_DOCUMENTATION_COMMENTS = YES;
				CLANG_WARN_EMPTY_BODY = YES;
				CLANG_WARN_ENUM_CONVERSION = YES;
				CLANG_WARN_INFINITE_RECURSION = YES;
				CLANG_WARN_INT_CONVERSION = YES;
				CLANG_WARN_NON_LITERAL_NULL_CONVERSION = YES;
				CLANG_WARN_OBJC_IMPLICIT_RETAIN_SELF = YES;
				CLANG_WARN_OBJC_LITERAL_CONVERSION = YES;
				CLANG_WARN_OBJC_ROOT_CLASS = YES_ERROR;
				CLANG_WARN_QUOTED_INCLUDE_IN_FRAMEWORK_HEADER = YES;
				CLANG_WARN_RANGE_LOOP_ANALYSIS = YES;
				CLANG_WARN_STRICT_PROTOTYPES = YES;
				CLANG_WARN_SUSPICIOUS_MOVE = YES;
				CLANG_WARN_UNGUARDED_AVAILABILITY = YES_AGGRESSIVE;
				CLANG_WARN_UNREACHABLE_CODE = YES;
				CLANG_WARN__DUPLICATE_METHOD_MATCH = YES;
				COPY_PHASE_STRIP = NO;
				DEBUG_INFORMATION_FORMAT = dwarf;
				ENABLE_STRICT_OBJC_MSGSEND = YES;
				ENABLE_TESTABILITY = YES;
				GCC_C_LANGUAGE_STANDARD = gnu11;
				GCC_DYNAMIC_NO_PIC = NO;
				GCC_NO_COMMON_BLOCKS = YES;
				GCC_OPTIMIZATION_LEVEL = 0;
				GCC_PREPROCESSOR_DEFINITIONS = (
					"DEBUG=1",
					"$(inherited)",
				);
				GCC_WARN_64_TO_32_BIT_CONVERSION = YES;
				GCC_WARN_ABOUT_RETURN_TYPE = YES_ERROR;
				GCC_WARN_UNDECLARED_SELECTOR = YES;
				GCC_WARN_UNINITIALIZED_AUTOS = YES_AGGRESSIVE;
				GCC_WARN_UNUSED_FUNCTION = YES;
				GCC_WARN_UNUSED_VARIABLE = YES;
				MTL_ENABLE_DEBUG_INFO = INCLUDE_SOURCE;
				MTL_FAST_MATH = YES;
				ONLY_ACTIVE_ARCH = YES;
				SWIFT_ACTIVE_COMPILATION_CONDITIONS = DEBUG;
				SWIFT_OPTIMIZATION_LEVEL = "-Onone";
			};
			name = Debug;
		};
		9376AE28280FCA2600D27EC7 /* Release */ = {
			isa = XCBuildConfiguration;
			buildSettings = {
				ALWAYS_SEARCH_USER_PATHS = NO;
				CLANG_ANALYZER_NONNULL = YES;
				CLANG_ANALYZER_NUMBER_OBJECT_CONVERSION = YES_AGGRESSIVE;
				CLANG_CXX_LANGUAGE_STANDARD = "gnu++17";
				CLANG_CXX_LIBRARY = "libc++";
				CLANG_ENABLE_MODULES = YES;
				CLANG_ENABLE_OBJC_ARC = YES;
				CLANG_ENABLE_OBJC_WEAK = YES;
				CLANG_WARN_BLOCK_CAPTURE_AUTORELEASING = YES;
				CLANG_WARN_BOOL_CONVERSION = YES;
				CLANG_WARN_COMMA = YES;
				CLANG_WARN_CONSTANT_CONVERSION = YES;
				CLANG_WARN_DEPRECATED_OBJC_IMPLEMENTATIONS = YES;
				CLANG_WARN_DIRECT_OBJC_ISA_USAGE = YES_ERROR;
				CLANG_WARN_DOCUMENTATION_COMMENTS = YES;
				CLANG_WARN_EMPTY_BODY = YES;
				CLANG_WARN_ENUM_CONVERSION = YES;
				CLANG_WARN_INFINITE_RECURSION = YES;
				CLANG_WARN_INT_CONVERSION = YES;
				CLANG_WARN_NON_LITERAL_NULL_CONVERSION = YES;
				CLANG_WARN_OBJC_IMPLICIT_RETAIN_SELF = YES;
				CLANG_WARN_OBJC_LITERAL_CONVERSION = YES;
				CLANG_WARN_OBJC_ROOT_CLASS = YES_ERROR;
				CLANG_WARN_QUOTED_INCLUDE_IN_FRAMEWORK_HEADER = YES;
				CLANG_WARN_RANGE_LOOP_ANALYSIS = YES;
				CLANG_WARN_STRICT_PROTOTYPES = YES;
				CLANG_WARN_SUSPICIOUS_MOVE = YES;
				CLANG_WARN_UNGUARDED_AVAILABILITY = YES_AGGRESSIVE;
				CLANG_WARN_UNREACHABLE_CODE = YES;
				CLANG_WARN__DUPLICATE_METHOD_MATCH = YES;
				COPY_PHASE_STRIP = NO;
				DEBUG_INFORMATION_FORMAT = "dwarf-with-dsym";
				ENABLE_NS_ASSERTIONS = NO;
				ENABLE_STRICT_OBJC_MSGSEND = YES;
				GCC_C_LANGUAGE_STANDARD = gnu11;
				GCC_NO_COMMON_BLOCKS = YES;
				GCC_WARN_64_TO_32_BIT_CONVERSION = YES;
				GCC_WARN_ABOUT_RETURN_TYPE = YES_ERROR;
				GCC_WARN_UNDECLARED_SELECTOR = YES;
				GCC_WARN_UNINITIALIZED_AUTOS = YES_AGGRESSIVE;
				GCC_WARN_UNUSED_FUNCTION = YES;
				GCC_WARN_UNUSED_VARIABLE = YES;
				MTL_ENABLE_DEBUG_INFO = NO;
				MTL_FAST_MATH = YES;
				SWIFT_COMPILATION_MODE = wholemodule;
				SWIFT_OPTIMIZATION_LEVEL = "-O";
			};
			name = Release;
		};
		9376AE2A280FCA2600D27EC7 /* Debug */ = {
			isa = XCBuildConfiguration;
			buildSettings = {
				ASSETCATALOG_COMPILER_APPICON_NAME = AppIcon;
				ASSETCATALOG_COMPILER_GLOBAL_ACCENT_COLOR_NAME = AccentColor;
				CODE_SIGN_STYLE = Automatic;
				CURRENT_PROJECT_VERSION = 1;
				DEVELOPMENT_TEAM = 3ZM3MLA6XG;
				ENABLE_PREVIEWS = YES;
				GENERATE_INFOPLIST_FILE = YES;
				INFOPLIST_FILE = "Youtap-Task--iOS--Info.plist";
				INFOPLIST_KEY_UIApplicationSceneManifest_Generation = YES;
				INFOPLIST_KEY_UIApplicationSupportsIndirectInputEvents = YES;
				INFOPLIST_KEY_UISupportedInterfaceOrientations_iPad = "UIInterfaceOrientationPortrait UIInterfaceOrientationPortraitUpsideDown UIInterfaceOrientationLandscapeLeft UIInterfaceOrientationLandscapeRight";
				INFOPLIST_KEY_UISupportedInterfaceOrientations_iPhone = "UIInterfaceOrientationPortrait UIInterfaceOrientationLandscapeLeft UIInterfaceOrientationLandscapeRight";
				IPHONEOS_DEPLOYMENT_TARGET = 15.2;
				LD_RUNPATH_SEARCH_PATHS = (
					"$(inherited)",
					"@executable_path/Frameworks",
				);
				MARKETING_VERSION = 1.0;
				PRODUCT_BUNDLE_IDENTIFIER = "Raja.Youtap-Task";
				PRODUCT_NAME = Youtap_Task;
				SDKROOT = iphoneos;
				SWIFT_EMIT_LOC_STRINGS = YES;
				SWIFT_VERSION = 5.0;
				TARGETED_DEVICE_FAMILY = "1,2";
			};
			name = Debug;
		};
		9376AE2B280FCA2600D27EC7 /* Release */ = {
			isa = XCBuildConfiguration;
			buildSettings = {
				ASSETCATALOG_COMPILER_APPICON_NAME = AppIcon;
				ASSETCATALOG_COMPILER_GLOBAL_ACCENT_COLOR_NAME = AccentColor;
				CODE_SIGN_STYLE = Automatic;
				CURRENT_PROJECT_VERSION = 1;
				DEVELOPMENT_TEAM = 3ZM3MLA6XG;
				ENABLE_PREVIEWS = YES;
				GENERATE_INFOPLIST_FILE = YES;
				INFOPLIST_FILE = "Youtap-Task--iOS--Info.plist";
				INFOPLIST_KEY_UIApplicationSceneManifest_Generation = YES;
				INFOPLIST_KEY_UIApplicationSupportsIndirectInputEvents = YES;
				INFOPLIST_KEY_UISupportedInterfaceOrientations_iPad = "UIInterfaceOrientationPortrait UIInterfaceOrientationPortraitUpsideDown UIInterfaceOrientationLandscapeLeft UIInterfaceOrientationLandscapeRight";
				INFOPLIST_KEY_UISupportedInterfaceOrientations_iPhone = "UIInterfaceOrientationPortrait UIInterfaceOrientationLandscapeLeft UIInterfaceOrientationLandscapeRight";
				IPHONEOS_DEPLOYMENT_TARGET = 15.2;
				LD_RUNPATH_SEARCH_PATHS = (
					"$(inherited)",
					"@executable_path/Frameworks",
				);
				MARKETING_VERSION = 1.0;
				PRODUCT_BUNDLE_IDENTIFIER = "Raja.Youtap-Task";
				PRODUCT_NAME = Youtap_Task;
				SDKROOT = iphoneos;
				SWIFT_EMIT_LOC_STRINGS = YES;
				SWIFT_VERSION = 5.0;
				TARGETED_DEVICE_FAMILY = "1,2";
				VALIDATE_PRODUCT = YES;
			};
			name = Release;
		};
		9376AE2D280FCA2600D27EC7 /* Debug */ = {
			isa = XCBuildConfiguration;
			buildSettings = {
				ASSETCATALOG_COMPILER_APPICON_NAME = AppIcon;
				ASSETCATALOG_COMPILER_GLOBAL_ACCENT_COLOR_NAME = AccentColor;
				CODE_SIGN_ENTITLEMENTS = macOS/macOS.entitlements;
				CODE_SIGN_STYLE = Automatic;
				COMBINE_HIDPI_IMAGES = YES;
				CURRENT_PROJECT_VERSION = 1;
				DEVELOPMENT_TEAM = 3ZM3MLA6XG;
				ENABLE_HARDENED_RUNTIME = YES;
				ENABLE_PREVIEWS = YES;
				GENERATE_INFOPLIST_FILE = YES;
				INFOPLIST_KEY_NSHumanReadableCopyright = "";
				LD_RUNPATH_SEARCH_PATHS = (
					"$(inherited)",
					"@executable_path/../Frameworks",
				);
				MACOSX_DEPLOYMENT_TARGET = 12.1;
				MARKETING_VERSION = 1.0;
				PRODUCT_BUNDLE_IDENTIFIER = "Raja.Youtap-Task";
				PRODUCT_NAME = Youtap_Task;
				SDKROOT = macosx;
				SWIFT_EMIT_LOC_STRINGS = YES;
				SWIFT_VERSION = 5.0;
			};
			name = Debug;
		};
		9376AE2E280FCA2600D27EC7 /* Release */ = {
			isa = XCBuildConfiguration;
			buildSettings = {
				ASSETCATALOG_COMPILER_APPICON_NAME = AppIcon;
				ASSETCATALOG_COMPILER_GLOBAL_ACCENT_COLOR_NAME = AccentColor;
				CODE_SIGN_ENTITLEMENTS = macOS/macOS.entitlements;
				CODE_SIGN_STYLE = Automatic;
				COMBINE_HIDPI_IMAGES = YES;
				CURRENT_PROJECT_VERSION = 1;
				DEVELOPMENT_TEAM = 3ZM3MLA6XG;
				ENABLE_HARDENED_RUNTIME = YES;
				ENABLE_PREVIEWS = YES;
				GENERATE_INFOPLIST_FILE = YES;
				INFOPLIST_KEY_NSHumanReadableCopyright = "";
				LD_RUNPATH_SEARCH_PATHS = (
					"$(inherited)",
					"@executable_path/../Frameworks",
				);
				MACOSX_DEPLOYMENT_TARGET = 12.1;
				MARKETING_VERSION = 1.0;
				PRODUCT_BUNDLE_IDENTIFIER = "Raja.Youtap-Task";
				PRODUCT_NAME = Youtap_Task;
				SDKROOT = macosx;
				SWIFT_EMIT_LOC_STRINGS = YES;
				SWIFT_VERSION = 5.0;
			};
			name = Release;
		};
		9376AE30280FCA2600D27EC7 /* Debug */ = {
			isa = XCBuildConfiguration;
			buildSettings = {
				ALWAYS_EMBED_SWIFT_STANDARD_LIBRARIES = YES;
				CODE_SIGN_STYLE = Automatic;
				CURRENT_PROJECT_VERSION = 1;
				DEVELOPMENT_TEAM = 3ZM3MLA6XG;
				GENERATE_INFOPLIST_FILE = YES;
				IPHONEOS_DEPLOYMENT_TARGET = 15.2;
				MARKETING_VERSION = 1.0;
				PRODUCT_BUNDLE_IDENTIFIER = "Raja.Tests-iOS";
				PRODUCT_NAME = "$(TARGET_NAME)";
				SDKROOT = iphoneos;
				SWIFT_EMIT_LOC_STRINGS = NO;
				SWIFT_VERSION = 5.0;
				TARGETED_DEVICE_FAMILY = "1,2";
				TEST_TARGET_NAME = "Youtap_Task (iOS)";
			};
			name = Debug;
		};
		9376AE31280FCA2600D27EC7 /* Release */ = {
			isa = XCBuildConfiguration;
			buildSettings = {
				ALWAYS_EMBED_SWIFT_STANDARD_LIBRARIES = YES;
				CODE_SIGN_STYLE = Automatic;
				CURRENT_PROJECT_VERSION = 1;
				DEVELOPMENT_TEAM = 3ZM3MLA6XG;
				GENERATE_INFOPLIST_FILE = YES;
				IPHONEOS_DEPLOYMENT_TARGET = 15.2;
				MARKETING_VERSION = 1.0;
				PRODUCT_BUNDLE_IDENTIFIER = "Raja.Tests-iOS";
				PRODUCT_NAME = "$(TARGET_NAME)";
				SDKROOT = iphoneos;
				SWIFT_EMIT_LOC_STRINGS = NO;
				SWIFT_VERSION = 5.0;
				TARGETED_DEVICE_FAMILY = "1,2";
				TEST_TARGET_NAME = "Youtap_Task (iOS)";
				VALIDATE_PRODUCT = YES;
			};
			name = Release;
		};
		9376AE33280FCA2600D27EC7 /* Debug */ = {
			isa = XCBuildConfiguration;
			buildSettings = {
				ALWAYS_EMBED_SWIFT_STANDARD_LIBRARIES = YES;
				CODE_SIGN_STYLE = Automatic;
				CURRENT_PROJECT_VERSION = 1;
				DEVELOPMENT_TEAM = 3ZM3MLA6XG;
				GENERATE_INFOPLIST_FILE = YES;
				MACOSX_DEPLOYMENT_TARGET = 12.1;
				MARKETING_VERSION = 1.0;
				PRODUCT_BUNDLE_IDENTIFIER = "Raja.Tests-macOS";
				PRODUCT_NAME = "$(TARGET_NAME)";
				SDKROOT = macosx;
				SWIFT_EMIT_LOC_STRINGS = NO;
				SWIFT_VERSION = 5.0;
				TEST_TARGET_NAME = "Youtap_Task (macOS)";
			};
			name = Debug;
		};
		9376AE34280FCA2600D27EC7 /* Release */ = {
			isa = XCBuildConfiguration;
			buildSettings = {
				ALWAYS_EMBED_SWIFT_STANDARD_LIBRARIES = YES;
				CODE_SIGN_STYLE = Automatic;
				CURRENT_PROJECT_VERSION = 1;
				DEVELOPMENT_TEAM = 3ZM3MLA6XG;
				GENERATE_INFOPLIST_FILE = YES;
				MACOSX_DEPLOYMENT_TARGET = 12.1;
				MARKETING_VERSION = 1.0;
				PRODUCT_BUNDLE_IDENTIFIER = "Raja.Tests-macOS";
				PRODUCT_NAME = "$(TARGET_NAME)";
				SDKROOT = macosx;
				SWIFT_EMIT_LOC_STRINGS = NO;
				SWIFT_VERSION = 5.0;
				TEST_TARGET_NAME = "Youtap_Task (macOS)";
			};
			name = Release;
		};
/* End XCBuildConfiguration section */

/* Begin XCConfigurationList section */
		9376ADF7280FCA2400D27EC7 /* Build configuration list for PBXProject "Youtap_Task" */ = {
			isa = XCConfigurationList;
			buildConfigurations = (
				9376AE27280FCA2600D27EC7 /* Debug */,
				9376AE28280FCA2600D27EC7 /* Release */,
			);
			defaultConfigurationIsVisible = 0;
			defaultConfigurationName = Release;
		};
		9376AE29280FCA2600D27EC7 /* Build configuration list for PBXNativeTarget "Youtap_Task (iOS)" */ = {
			isa = XCConfigurationList;
			buildConfigurations = (
				9376AE2A280FCA2600D27EC7 /* Debug */,
				9376AE2B280FCA2600D27EC7 /* Release */,
			);
			defaultConfigurationIsVisible = 0;
			defaultConfigurationName = Release;
		};
		9376AE2C280FCA2600D27EC7 /* Build configuration list for PBXNativeTarget "Youtap_Task (macOS)" */ = {
			isa = XCConfigurationList;
			buildConfigurations = (
				9376AE2D280FCA2600D27EC7 /* Debug */,
				9376AE2E280FCA2600D27EC7 /* Release */,
			);
			defaultConfigurationIsVisible = 0;
			defaultConfigurationName = Release;
		};
		9376AE2F280FCA2600D27EC7 /* Build configuration list for PBXNativeTarget "Tests iOS" */ = {
			isa = XCConfigurationList;
			buildConfigurations = (
				9376AE30280FCA2600D27EC7 /* Debug */,
				9376AE31280FCA2600D27EC7 /* Release */,
			);
			defaultConfigurationIsVisible = 0;
			defaultConfigurationName = Release;
		};
		9376AE32280FCA2600D27EC7 /* Build configuration list for PBXNativeTarget "Tests macOS" */ = {
			isa = XCConfigurationList;
			buildConfigurations = (
				9376AE33280FCA2600D27EC7 /* Debug */,
				9376AE34280FCA2600D27EC7 /* Release */,
			);
			defaultConfigurationIsVisible = 0;
			defaultConfigurationName = Release;
		};
/* End XCConfigurationList section */
	};
	rootObject = 9376ADF4280FCA2400D27EC7 /* Project object */;
}
